
Microsoft Visual Studio Solution File, Format Version 12.00
# Visual Studio Version 17
VisualStudioVersion = 17.8.34330.188
MinimumVisualStudioVersion = 10.0.40219.1
Project("{9A19103F-16F7-4668-BE54-9A1E7A4F7556}") = "SampleWindowRestoreWPF", "SampleWindowRestoreWPF.csproj", "{B7F89287-4B89-4EBA-9ABB-F81E6B10D6DB}"
EndProject
Project("{2150E333-8FDC-42A3-9474-1A3956D46DE8}") = "Solution Items", "Solution Items", "{8AED5171-7C9A-4B51-B429-CBE20D697B3D}"
	ProjectSection(SolutionItems) = preProject
		..\README.md = ..\README.md
	EndProjectSection
EndProject
Global
	GlobalSection(SolutionConfigurationPlatforms) = preSolution
		Debug|Any CPU = Debug|Any CPU
		Release|Any CPU = Release|Any CPU
	EndGlobalSection
	GlobalSection(ProjectConfigurationPlatforms) = postSolution
		{B7F89287-4B89-4EBA-9ABB-F81E6B10D6DB}.Debug|Any CPU.ActiveCfg = Debug|Any CPU
		{B7F89287-4B89-4EBA-9ABB-F81E6B10D6DB}.Debug|Any CPU.Build.0 = Debug|Any CPU
		{B7F89287-4B89-4EBA-9ABB-F81E6B10D6DB}.Release|Any CPU.ActiveCfg = Release|Any CPU
		{B7F89287-4B89-4EBA-9ABB-F81E6B10D6DB}.Release|Any CPU.Build.0 = Release|Any CPU
	EndGlobalSection
	GlobalSection(SolutionProperties) = preSolution
		HideSolutionNode = FALSE
	EndGlobalSection
	GlobalSection(ExtensibilityGlobals) = postSolution
		SolutionGuid = {D8B0D690-73DC-4E17-83E9-B4050B025182}
	EndGlobalSection
EndGlobal
